
Microsoft Visual Studio Solution File, Format Version 12.00
# Visual Studio Version 16
VisualStudioVersion = 16.0.31112.23
MinimumVisualStudioVersion = 10.0.40219.1
Project("{9A19103F-16F7-4668-BE54-9A1E7A4F7556}") = "01_Collections", "01_Collections\01_Collections.csproj", "{5EBB57EC-01AC-4899-8E9F-D00A6CCB5597}"
EndProject
Project("{9A19103F-16F7-4668-BE54-9A1E7A4F7556}") = "02_Generics", "02_Generics\02_Generics.csproj", "{C38B2B11-837B-49C3-8592-33031D96859B}"
EndProject
Project("{9A19103F-16F7-4668-BE54-9A1E7A4F7556}") = "03_SVC", "03_SVC\03_SVC.csproj", "{D16FC9AD-B1BD-43C8-9A34-E604928501F7}"
EndProject
Project("{9A19103F-16F7-4668-BE54-9A1E7A4F7556}") = "04_Delegats", "04_Delegats\04_Delegats.csproj", "{1A9AAC25-328A-4A30-AF5A-1E05C02664B3}"
EndProject
Project("{9A19103F-16F7-4668-BE54-9A1E7A4F7556}") = "Homework", "Homework\Homework.csproj", "{F0AF07F3-3F0C-4A07-A758-75A75280EBCB}"
EndProject
Project("{9A19103F-16F7-4668-BE54-9A1E7A4F7556}") = "02_2_Covariant", "02_2_Covariant\02_2_Covariant.csproj", "{858BE17F-B715-4938-A8A4-B41373AC4346}"
EndProject
Project("{FAE04EC0-301F-11D3-BF4B-00C04F79EFBC}") = "ClientChat1", "ClientChat1\ClientChat1.csproj", "{926B8DAB-D53A-4389-AC2D-1E209E8FC183}"
EndProject
Project("{9A19103F-16F7-4668-BE54-9A1E7A4F7556}") = "04_Events", "04_Events\04_Events.csproj", "{A88DCBD7-4B89-4D08-973C-9DCC33037210}"
EndProject
Project("{9A19103F-16F7-4668-BE54-9A1E7A4F7556}") = "04_2_Events", "04_2_Events\04_2_Events.csproj", "{22F57C8A-5561-40E1-ADE1-45B6D2EE7C24}"
EndProject
Project("{9A19103F-16F7-4668-BE54-9A1E7A4F7556}") = "05_Linq", "05_Linq\05_Linq.csproj", "{ACF9209C-7878-47FA-9173-CA0280BD2030}"
EndProject
Project("{FAE04EC0-301F-11D3-BF4B-00C04F79EFBC}") = "05_Linq_to_Sql", "05_Linq_to_Sql\05_Linq_to_Sql.csproj", "{B1AF4477-E362-4EFF-BBCA-719D8629659B}"
EndProject
Project("{9A19103F-16F7-4668-BE54-9A1E7A4F7556}") = "05_Dynamic", "05_Dynamic\05_Dynamic.csproj", "{BE97B30C-CBE0-4012-AEC7-5AB2E78052CC}"
EndProject
Project("{9A19103F-16F7-4668-BE54-9A1E7A4F7556}") = "06_EFCore", "06_EFCore\06_EFCore.csproj", "{274D6717-06D7-4891-92E9-ADB988F33773}"
EndProject
Project("{9A19103F-16F7-4668-BE54-9A1E7A4F7556}") = "06_2_EFCore", "06_2_EFCore\06_2_EFCore.csproj", "{5D1FCEEB-BD66-4A77-928B-0A252418D169}"
EndProject
Project("{9A19103F-16F7-4668-BE54-9A1E7A4F7556}") = "06_3_EFCore_Linq", "06_3_EFCore_Linq\06_3_EFCore_Linq.csproj", "{6F231337-9862-4274-A652-B862C6DF5856}"
EndProject
Project("{9A19103F-16F7-4668-BE54-9A1E7A4F7556}") = "EFCore_Connect", "EFCore_Connect\EFCore_Connect.csproj", "{4B6898F6-19F1-4252-8138-C8A3E002E932}"
EndProject
Project("{9A19103F-16F7-4668-BE54-9A1E7A4F7556}") = "ServerChat", "ServerChat\ServerChat.csproj", "{77C56804-A602-4422-9E59-5FA16B43E946}"
EndProject
Project("{9A19103F-16F7-4668-BE54-9A1E7A4F7556}") = "07_Serializing", "07_Serializing\07_Serializing.csproj", "{89F5D1F4-8BB8-486A-B00F-A5135A228092}"
EndProject
Project("{9A19103F-16F7-4668-BE54-9A1E7A4F7556}") = "07_1_XmlSerializing", "07_1_XmlSerializing\07_1_XmlSerializing.csproj", "{056781D6-4FBD-415E-8072-02DF2CE382C6}"
EndProject
Project("{9A19103F-16F7-4668-BE54-9A1E7A4F7556}") = "07_2_JSonSerializer", "07_2_JSonSerializer\07_2_JSonSerializer.csproj", "{CF247AC4-098B-46A0-A5D9-6F3E52A5D27C}"
EndProject
Project("{9A19103F-16F7-4668-BE54-9A1E7A4F7556}") = "07_3_Json_Structs", "07_3_Json_Structs\07_3_Json_Structs.csproj", "{80434B0D-D965-4247-92DA-3B08D71E09BC}"
EndProject
Project("{FAE04EC0-301F-11D3-BF4B-00C04F79EFBC}") = "ClassLibrary2", "ClassLibrary2\ClassLibrary2.csproj", "{05950833-C2E3-481A-810E-79B1C2EB2653}"
EndProject
Project("{9A19103F-16F7-4668-BE54-9A1E7A4F7556}") = "08_Lesson", "08_Lesson\08_Lesson.csproj", "{E2F032CA-255C-4EA4-9D02-6BA466696605}"
EndProject
Project("{9A19103F-16F7-4668-BE54-9A1E7A4F7556}") = "08_2_Reflection", "08_2_Reflection\08_2_Reflection.csproj", "{E403D67E-47B9-4361-8554-1717D2AE51F3}"
EndProject
Project("{9A19103F-16F7-4668-BE54-9A1E7A4F7556}") = "08_3_Attributes", "08_3_Attributes\08_3_Attributes.csproj", "{74C90998-DD28-4A39-912C-417669FE3716}"
EndProject
Project("{9A19103F-16F7-4668-BE54-9A1E7A4F7556}") = "09_1_Threads", "09_Threads\09_1_Threads.csproj", "{16AE30F8-1813-46E9-98FD-205873783927}"
EndProject
Project("{9A19103F-16F7-4668-BE54-9A1E7A4F7556}") = "09_2_Sync", "09_2_Sync\09_2_Sync.csproj", "{5BA317E5-07E8-4F3C-90F7-928567A9DF98}"
EndProject
Project("{9A19103F-16F7-4668-BE54-9A1E7A4F7556}") = "09_3_Mutex", "09_3_Mutex\09_3_Mutex.csproj", "{4D073886-AC25-447F-86F5-F9833A6C364B}"
EndProject
Project("{9A19103F-16F7-4668-BE54-9A1E7A4F7556}") = "TestProject1", "TestProject1\TestProject1.csproj", "{818BE393-EFBA-4A05-984C-1EA005467C31}"
EndProject
Project("{9A19103F-16F7-4668-BE54-9A1E7A4F7556}") = "ClassLibrary3", "ClassLibrary3\ClassLibrary3.csproj", "{17993191-B35F-47AA-87F2-ECA08779A72F}"
EndProject
Project("{9A19103F-16F7-4668-BE54-9A1E7A4F7556}") = "TDD_TestProject", "TDD_TestProject\TDD_TestProject.csproj", "{EB4FEF92-3CFB-44FD-AE93-7B63DD96EBFA}"
EndProject
Project("{FAE04EC0-301F-11D3-BF4B-00C04F79EFBC}") = "10_Tasks", "10_Tasks\10_Tasks.csproj", "{88DCACE7-C912-4324-83F9-6C82412C2CC0}"
EndProject
Global
	GlobalSection(SolutionConfigurationPlatforms) = preSolution
		Debug|Any CPU = Debug|Any CPU
		Release|Any CPU = Release|Any CPU
	EndGlobalSection
	GlobalSection(ProjectConfigurationPlatforms) = postSolution
		{5EBB57EC-01AC-4899-8E9F-D00A6CCB5597}.Debug|Any CPU.ActiveCfg = Debug|Any CPU
		{5EBB57EC-01AC-4899-8E9F-D00A6CCB5597}.Debug|Any CPU.Build.0 = Debug|Any CPU
		{5EBB57EC-01AC-4899-8E9F-D00A6CCB5597}.Release|Any CPU.ActiveCfg = Release|Any CPU
		{5EBB57EC-01AC-4899-8E9F-D00A6CCB5597}.Release|Any CPU.Build.0 = Release|Any CPU
		{C38B2B11-837B-49C3-8592-33031D96859B}.Debug|Any CPU.ActiveCfg = Debug|Any CPU
		{C38B2B11-837B-49C3-8592-33031D96859B}.Debug|Any CPU.Build.0 = Debug|Any CPU
		{C38B2B11-837B-49C3-8592-33031D96859B}.Release|Any CPU.ActiveCfg = Release|Any CPU
		{C38B2B11-837B-49C3-8592-33031D96859B}.Release|Any CPU.Build.0 = Release|Any CPU
		{D16FC9AD-B1BD-43C8-9A34-E604928501F7}.Debug|Any CPU.ActiveCfg = Debug|Any CPU
		{D16FC9AD-B1BD-43C8-9A34-E604928501F7}.Debug|Any CPU.Build.0 = Debug|Any CPU
		{D16FC9AD-B1BD-43C8-9A34-E604928501F7}.Release|Any CPU.ActiveCfg = Release|Any CPU
		{D16FC9AD-B1BD-43C8-9A34-E604928501F7}.Release|Any CPU.Build.0 = Release|Any CPU
		{1A9AAC25-328A-4A30-AF5A-1E05C02664B3}.Debug|Any CPU.ActiveCfg = Debug|Any CPU
		{1A9AAC25-328A-4A30-AF5A-1E05C02664B3}.Debug|Any CPU.Build.0 = Debug|Any CPU
		{1A9AAC25-328A-4A30-AF5A-1E05C02664B3}.Release|Any CPU.ActiveCfg = Release|Any CPU
		{1A9AAC25-328A-4A30-AF5A-1E05C02664B3}.Release|Any CPU.Build.0 = Release|Any CPU
		{F0AF07F3-3F0C-4A07-A758-75A75280EBCB}.Debug|Any CPU.ActiveCfg = Debug|Any CPU
		{F0AF07F3-3F0C-4A07-A758-75A75280EBCB}.Debug|Any CPU.Build.0 = Debug|Any CPU
		{F0AF07F3-3F0C-4A07-A758-75A75280EBCB}.Release|Any CPU.ActiveCfg = Release|Any CPU
		{F0AF07F3-3F0C-4A07-A758-75A75280EBCB}.Release|Any CPU.Build.0 = Release|Any CPU
		{858BE17F-B715-4938-A8A4-B41373AC4346}.Debug|Any CPU.ActiveCfg = Debug|Any CPU
		{858BE17F-B715-4938-A8A4-B41373AC4346}.Debug|Any CPU.Build.0 = Debug|Any CPU
		{858BE17F-B715-4938-A8A4-B41373AC4346}.Release|Any CPU.ActiveCfg = Release|Any CPU
		{858BE17F-B715-4938-A8A4-B41373AC4346}.Release|Any CPU.Build.0 = Release|Any CPU
		{926B8DAB-D53A-4389-AC2D-1E209E8FC183}.Debug|Any CPU.ActiveCfg = Debug|Any CPU
		{926B8DAB-D53A-4389-AC2D-1E209E8FC183}.Debug|Any CPU.Build.0 = Debug|Any CPU
		{926B8DAB-D53A-4389-AC2D-1E209E8FC183}.Release|Any CPU.ActiveCfg = Release|Any CPU
		{926B8DAB-D53A-4389-AC2D-1E209E8FC183}.Release|Any CPU.Build.0 = Release|Any CPU
		{A88DCBD7-4B89-4D08-973C-9DCC33037210}.Debug|Any CPU.ActiveCfg = Debug|Any CPU
		{A88DCBD7-4B89-4D08-973C-9DCC33037210}.Debug|Any CPU.Build.0 = Debug|Any CPU
		{A88DCBD7-4B89-4D08-973C-9DCC33037210}.Release|Any CPU.ActiveCfg = Release|Any CPU
		{A88DCBD7-4B89-4D08-973C-9DCC33037210}.Release|Any CPU.Build.0 = Release|Any CPU
		{22F57C8A-5561-40E1-ADE1-45B6D2EE7C24}.Debug|Any CPU.ActiveCfg = Debug|Any CPU
		{22F57C8A-5561-40E1-ADE1-45B6D2EE7C24}.Debug|Any CPU.Build.0 = Debug|Any CPU
		{22F57C8A-5561-40E1-ADE1-45B6D2EE7C24}.Release|Any CPU.ActiveCfg = Release|Any CPU
		{22F57C8A-5561-40E1-ADE1-45B6D2EE7C24}.Release|Any CPU.Build.0 = Release|Any CPU
		{ACF9209C-7878-47FA-9173-CA0280BD2030}.Debug|Any CPU.ActiveCfg = Debug|Any CPU
		{ACF9209C-7878-47FA-9173-CA0280BD2030}.Debug|Any CPU.Build.0 = Debug|Any CPU
		{ACF9209C-7878-47FA-9173-CA0280BD2030}.Release|Any CPU.ActiveCfg = Release|Any CPU
		{ACF9209C-7878-47FA-9173-CA0280BD2030}.Release|Any CPU.Build.0 = Release|Any CPU
		{B1AF4477-E362-4EFF-BBCA-719D8629659B}.Debug|Any CPU.ActiveCfg = Debug|Any CPU
		{B1AF4477-E362-4EFF-BBCA-719D8629659B}.Debug|Any CPU.Build.0 = Debug|Any CPU
		{B1AF4477-E362-4EFF-BBCA-719D8629659B}.Release|Any CPU.ActiveCfg = Release|Any CPU
		{B1AF4477-E362-4EFF-BBCA-719D8629659B}.Release|Any CPU.Build.0 = Release|Any CPU
		{BE97B30C-CBE0-4012-AEC7-5AB2E78052CC}.Debug|Any CPU.ActiveCfg = Debug|Any CPU
		{BE97B30C-CBE0-4012-AEC7-5AB2E78052CC}.Debug|Any CPU.Build.0 = Debug|Any CPU
		{BE97B30C-CBE0-4012-AEC7-5AB2E78052CC}.Release|Any CPU.ActiveCfg = Release|Any CPU
		{BE97B30C-CBE0-4012-AEC7-5AB2E78052CC}.Release|Any CPU.Build.0 = Release|Any CPU
		{274D6717-06D7-4891-92E9-ADB988F33773}.Debug|Any CPU.ActiveCfg = Debug|Any CPU
		{274D6717-06D7-4891-92E9-ADB988F33773}.Debug|Any CPU.Build.0 = Debug|Any CPU
		{274D6717-06D7-4891-92E9-ADB988F33773}.Release|Any CPU.ActiveCfg = Release|Any CPU
		{274D6717-06D7-4891-92E9-ADB988F33773}.Release|Any CPU.Build.0 = Release|Any CPU
		{5D1FCEEB-BD66-4A77-928B-0A252418D169}.Debug|Any CPU.ActiveCfg = Debug|Any CPU
		{5D1FCEEB-BD66-4A77-928B-0A252418D169}.Debug|Any CPU.Build.0 = Debug|Any CPU
		{5D1FCEEB-BD66-4A77-928B-0A252418D169}.Release|Any CPU.ActiveCfg = Release|Any CPU
		{5D1FCEEB-BD66-4A77-928B-0A252418D169}.Release|Any CPU.Build.0 = Release|Any CPU
		{6F231337-9862-4274-A652-B862C6DF5856}.Debug|Any CPU.ActiveCfg = Debug|Any CPU
		{6F231337-9862-4274-A652-B862C6DF5856}.Debug|Any CPU.Build.0 = Debug|Any CPU
		{6F231337-9862-4274-A652-B862C6DF5856}.Release|Any CPU.ActiveCfg = Release|Any CPU
		{6F231337-9862-4274-A652-B862C6DF5856}.Release|Any CPU.Build.0 = Release|Any CPU
		{4B6898F6-19F1-4252-8138-C8A3E002E932}.Debug|Any CPU.ActiveCfg = Debug|Any CPU
		{4B6898F6-19F1-4252-8138-C8A3E002E932}.Debug|Any CPU.Build.0 = Debug|Any CPU
		{4B6898F6-19F1-4252-8138-C8A3E002E932}.Release|Any CPU.ActiveCfg = Release|Any CPU
		{4B6898F6-19F1-4252-8138-C8A3E002E932}.Release|Any CPU.Build.0 = Release|Any CPU
		{77C56804-A602-4422-9E59-5FA16B43E946}.Debug|Any CPU.ActiveCfg = Debug|Any CPU
		{77C56804-A602-4422-9E59-5FA16B43E946}.Debug|Any CPU.Build.0 = Debug|Any CPU
		{77C56804-A602-4422-9E59-5FA16B43E946}.Release|Any CPU.ActiveCfg = Release|Any CPU
		{77C56804-A602-4422-9E59-5FA16B43E946}.Release|Any CPU.Build.0 = Release|Any CPU
		{89F5D1F4-8BB8-486A-B00F-A5135A228092}.Debug|Any CPU.ActiveCfg = Debug|Any CPU
		{89F5D1F4-8BB8-486A-B00F-A5135A228092}.Debug|Any CPU.Build.0 = Debug|Any CPU
		{89F5D1F4-8BB8-486A-B00F-A5135A228092}.Release|Any CPU.ActiveCfg = Release|Any CPU
		{89F5D1F4-8BB8-486A-B00F-A5135A228092}.Release|Any CPU.Build.0 = Release|Any CPU
		{056781D6-4FBD-415E-8072-02DF2CE382C6}.Debug|Any CPU.ActiveCfg = Debug|Any CPU
		{056781D6-4FBD-415E-8072-02DF2CE382C6}.Debug|Any CPU.Build.0 = Debug|Any CPU
		{056781D6-4FBD-415E-8072-02DF2CE382C6}.Release|Any CPU.ActiveCfg = Release|Any CPU
		{056781D6-4FBD-415E-8072-02DF2CE382C6}.Release|Any CPU.Build.0 = Release|Any CPU
		{CF247AC4-098B-46A0-A5D9-6F3E52A5D27C}.Debug|Any CPU.ActiveCfg = Debug|Any CPU
		{CF247AC4-098B-46A0-A5D9-6F3E52A5D27C}.Debug|Any CPU.Build.0 = Debug|Any CPU
		{CF247AC4-098B-46A0-A5D9-6F3E52A5D27C}.Release|Any CPU.ActiveCfg = Release|Any CPU
		{CF247AC4-098B-46A0-A5D9-6F3E52A5D27C}.Release|Any CPU.Build.0 = Release|Any CPU
		{80434B0D-D965-4247-92DA-3B08D71E09BC}.Debug|Any CPU.ActiveCfg = Debug|Any CPU
		{80434B0D-D965-4247-92DA-3B08D71E09BC}.Debug|Any CPU.Build.0 = Debug|Any CPU
		{80434B0D-D965-4247-92DA-3B08D71E09BC}.Release|Any CPU.ActiveCfg = Release|Any CPU
		{80434B0D-D965-4247-92DA-3B08D71E09BC}.Release|Any CPU.Build.0 = Release|Any CPU
		{05950833-C2E3-481A-810E-79B1C2EB2653}.Debug|Any CPU.ActiveCfg = Debug|Any CPU
		{05950833-C2E3-481A-810E-79B1C2EB2653}.Debug|Any CPU.Build.0 = Debug|Any CPU
		{05950833-C2E3-481A-810E-79B1C2EB2653}.Release|Any CPU.ActiveCfg = Release|Any CPU
		{05950833-C2E3-481A-810E-79B1C2EB2653}.Release|Any CPU.Build.0 = Release|Any CPU
		{E2F032CA-255C-4EA4-9D02-6BA466696605}.Debug|Any CPU.ActiveCfg = Debug|Any CPU
		{E2F032CA-255C-4EA4-9D02-6BA466696605}.Debug|Any CPU.Build.0 = Debug|Any CPU
		{E2F032CA-255C-4EA4-9D02-6BA466696605}.Release|Any CPU.ActiveCfg = Release|Any CPU
		{E2F032CA-255C-4EA4-9D02-6BA466696605}.Release|Any CPU.Build.0 = Release|Any CPU
		{E403D67E-47B9-4361-8554-1717D2AE51F3}.Debug|Any CPU.ActiveCfg = Debug|Any CPU
		{E403D67E-47B9-4361-8554-1717D2AE51F3}.Debug|Any CPU.Build.0 = Debug|Any CPU
		{E403D67E-47B9-4361-8554-1717D2AE51F3}.Release|Any CPU.ActiveCfg = Release|Any CPU
		{E403D67E-47B9-4361-8554-1717D2AE51F3}.Release|Any CPU.Build.0 = Release|Any CPU
		{74C90998-DD28-4A39-912C-417669FE3716}.Debug|Any CPU.ActiveCfg = Debug|Any CPU
		{74C90998-DD28-4A39-912C-417669FE3716}.Debug|Any CPU.Build.0 = Debug|Any CPU
		{74C90998-DD28-4A39-912C-417669FE3716}.Release|Any CPU.ActiveCfg = Release|Any CPU
		{74C90998-DD28-4A39-912C-417669FE3716}.Release|Any CPU.Build.0 = Release|Any CPU
		{16AE30F8-1813-46E9-98FD-205873783927}.Debug|Any CPU.ActiveCfg = Debug|Any CPU
		{16AE30F8-1813-46E9-98FD-205873783927}.Debug|Any CPU.Build.0 = Debug|Any CPU
		{16AE30F8-1813-46E9-98FD-205873783927}.Release|Any CPU.ActiveCfg = Release|Any CPU
		{16AE30F8-1813-46E9-98FD-205873783927}.Release|Any CPU.Build.0 = Release|Any CPU
		{5BA317E5-07E8-4F3C-90F7-928567A9DF98}.Debug|Any CPU.ActiveCfg = Debug|Any CPU
		{5BA317E5-07E8-4F3C-90F7-928567A9DF98}.Debug|Any CPU.Build.0 = Debug|Any CPU
		{5BA317E5-07E8-4F3C-90F7-928567A9DF98}.Release|Any CPU.ActiveCfg = Release|Any CPU
		{5BA317E5-07E8-4F3C-90F7-928567A9DF98}.Release|Any CPU.Build.0 = Release|Any CPU
		{4D073886-AC25-447F-86F5-F9833A6C364B}.Debug|Any CPU.ActiveCfg = Debug|Any CPU
		{4D073886-AC25-447F-86F5-F9833A6C364B}.Debug|Any CPU.Build.0 = Debug|Any CPU
		{4D073886-AC25-447F-86F5-F9833A6C364B}.Release|Any CPU.ActiveCfg = Release|Any CPU
		{4D073886-AC25-447F-86F5-F9833A6C364B}.Release|Any CPU.Build.0 = Release|Any CPU
		{818BE393-EFBA-4A05-984C-1EA005467C31}.Debug|Any CPU.ActiveCfg = Debug|Any CPU
		{818BE393-EFBA-4A05-984C-1EA005467C31}.Debug|Any CPU.Build.0 = Debug|Any CPU
		{818BE393-EFBA-4A05-984C-1EA005467C31}.Release|Any CPU.ActiveCfg = Release|Any CPU
		{818BE393-EFBA-4A05-984C-1EA005467C31}.Release|Any CPU.Build.0 = Release|Any CPU
		{17993191-B35F-47AA-87F2-ECA08779A72F}.Debug|Any CPU.ActiveCfg = Debug|Any CPU
		{17993191-B35F-47AA-87F2-ECA08779A72F}.Debug|Any CPU.Build.0 = Debug|Any CPU
		{17993191-B35F-47AA-87F2-ECA08779A72F}.Release|Any CPU.ActiveCfg = Release|Any CPU
		{17993191-B35F-47AA-87F2-ECA08779A72F}.Release|Any CPU.Build.0 = Release|Any CPU
		{EB4FEF92-3CFB-44FD-AE93-7B63DD96EBFA}.Debug|Any CPU.ActiveCfg = Debug|Any CPU
		{EB4FEF92-3CFB-44FD-AE93-7B63DD96EBFA}.Debug|Any CPU.Build.0 = Debug|Any CPU
		{EB4FEF92-3CFB-44FD-AE93-7B63DD96EBFA}.Release|Any CPU.ActiveCfg = Release|Any CPU
		{EB4FEF92-3CFB-44FD-AE93-7B63DD96EBFA}.Release|Any CPU.Build.0 = Release|Any CPU
		{88DCACE7-C912-4324-83F9-6C82412C2CC0}.Debug|Any CPU.ActiveCfg = Debug|Any CPU
		{88DCACE7-C912-4324-83F9-6C82412C2CC0}.Debug|Any CPU.Build.0 = Debug|Any CPU
		{88DCACE7-C912-4324-83F9-6C82412C2CC0}.Release|Any CPU.ActiveCfg = Release|Any CPU
		{88DCACE7-C912-4324-83F9-6C82412C2CC0}.Release|Any CPU.Build.0 = Release|Any CPU
	EndGlobalSection
	GlobalSection(SolutionProperties) = preSolution
		HideSolutionNode = FALSE
	EndGlobalSection
	GlobalSection(ExtensibilityGlobals) = postSolution
		SolutionGuid = {BFBB6D2E-6736-4300-B1D0-D7907E77C356}
	EndGlobalSection
EndGlobal
